
Microsoft Visual Studio Solution File, Format Version 12.00
# Visual Studio 14
VisualStudioVersion = 14.0.23107.0
MinimumVisualStudioVersion = 10.0.40219.1
Project("{FAE04EC0-301F-11D3-BF4B-00C04F79EFBC}") = "NServiceBusDemo.Messages", "NServiceBusDemo.Messages\NServiceBusDemo.Messages.csproj", "{96A45B03-AE31-41CA-9EAD-CBFDF31034E8}"
EndProject
Project("{FAE04EC0-301F-11D3-BF4B-00C04F79EFBC}") = "NServiceBusDemo.Two", "NServiceBusDemo.Two\NServiceBusDemo.Two.csproj", "{AE8E8D36-B0A7-4A9B-91DB-B5A29B04F49B}"
EndProject
Project("{FAE04EC0-301F-11D3-BF4B-00C04F79EFBC}") = "NServiceBusDemo.Main", "NServiceBusDemo.Main\NServiceBusDemo.Main.csproj", "{FF698E5B-AF78-4FB5-A60A-62EBC296111C}"
EndProject
Project("{FAE04EC0-301F-11D3-BF4B-00C04F79EFBC}") = "NServiceBusDemo.Saga", "NServiceBusDemo.Saga\NServiceBusDemo.Saga.csproj", "{AB3FCFFB-B817-44C3-84ED-ECA1B33AE2A1}"
EndProject
Global
	GlobalSection(SolutionConfigurationPlatforms) = preSolution
		Debug|Any CPU = Debug|Any CPU
		Release|Any CPU = Release|Any CPU
	EndGlobalSection
	GlobalSection(ProjectConfigurationPlatforms) = postSolution
		{96A45B03-AE31-41CA-9EAD-CBFDF31034E8}.Debug|Any CPU.ActiveCfg = Debug|Any CPU
		{96A45B03-AE31-41CA-9EAD-CBFDF31034E8}.Debug|Any CPU.Build.0 = Debug|Any CPU
		{96A45B03-AE31-41CA-9EAD-CBFDF31034E8}.Release|Any CPU.ActiveCfg = Release|Any CPU
		{96A45B03-AE31-41CA-9EAD-CBFDF31034E8}.Release|Any CPU.Build.0 = Release|Any CPU
		{AE8E8D36-B0A7-4A9B-91DB-B5A29B04F49B}.Debug|Any CPU.ActiveCfg = Debug|Any CPU
		{AE8E8D36-B0A7-4A9B-91DB-B5A29B04F49B}.Debug|Any CPU.Build.0 = Debug|Any CPU
		{AE8E8D36-B0A7-4A9B-91DB-B5A29B04F49B}.Release|Any CPU.ActiveCfg = Release|Any CPU
		{AE8E8D36-B0A7-4A9B-91DB-B5A29B04F49B}.Release|Any CPU.Build.0 = Release|Any CPU
		{FF698E5B-AF78-4FB5-A60A-62EBC296111C}.Debug|Any CPU.ActiveCfg = Debug|Any CPU
		{FF698E5B-AF78-4FB5-A60A-62EBC296111C}.Debug|Any CPU.Build.0 = Debug|Any CPU
		{FF698E5B-AF78-4FB5-A60A-62EBC296111C}.Release|Any CPU.ActiveCfg = Release|Any CPU
		{FF698E5B-AF78-4FB5-A60A-62EBC296111C}.Release|Any CPU.Build.0 = Release|Any CPU
		{AB3FCFFB-B817-44C3-84ED-ECA1B33AE2A1}.Debug|Any CPU.ActiveCfg = Debug|Any CPU
		{AB3FCFFB-B817-44C3-84ED-ECA1B33AE2A1}.Debug|Any CPU.Build.0 = Debug|Any CPU
		{AB3FCFFB-B817-44C3-84ED-ECA1B33AE2A1}.Release|Any CPU.ActiveCfg = Release|Any CPU
		{AB3FCFFB-B817-44C3-84ED-ECA1B33AE2A1}.Release|Any CPU.Build.0 = Release|Any CPU
	EndGlobalSection
	GlobalSection(SolutionProperties) = preSolution
		HideSolutionNode = FALSE
	EndGlobalSection
EndGlobal
